
Microsoft Visual Studio Solution File, Format Version 12.00
# Visual Studio Version 16
VisualStudioVersion = 16.0.33927.289
MinimumVisualStudioVersion = 10.0.40219.1
Project("{2150E333-8FDC-42A3-9474-1A3956D46DE8}") = "Task0", "Task0", "{0B91E84D-C478-45A3-8BEF-19DB0048954B}"
EndProject
Project("{FAE04EC0-301F-11D3-BF4B-00C04F79EFBC}") = "Tyuiu.KultyshevaEA.Sprint2.Task0.V27", "Tyuiu.KultyshevaEA.Sprint2.Task0.V27\Tyuiu.KultyshevaEA.Sprint2.Task0.V27.csproj", "{5B5AF6DB-4FF1-43A2-A617-F790B4471598}"
EndProject
Project("{FAE04EC0-301F-11D3-BF4B-00C04F79EFBC}") = "Tyuiu.KultyshevaEA.Sprint2.Task0.V27.Lib", "Tyuiu.KultyshevaEA.Sprint2.Task0.V27.Lib\Tyuiu.KultyshevaEA.Sprint2.Task0.V27.Lib.csproj", "{4A703FD1-4D63-430E-8627-FBD761F91CA1}"
EndProject
Project("{FAE04EC0-301F-11D3-BF4B-00C04F79EFBC}") = "Tyuiu.KultyshevaEA.Sprint2.Task0.V27.Test", "Tyuiu.KultyshevaEA.Sprint2.Task0.V27.Test\Tyuiu.KultyshevaEA.Sprint2.Task0.V27.Test.csproj", "{81A2BFAF-1284-4128-A812-6D5E6C5A9FB8}"
EndProject
Project("{2150E333-8FDC-42A3-9474-1A3956D46DE8}") = "Task1", "Task1", "{3291149D-A4F6-4FEE-95AF-A7246D7CE6AE}"
EndProject
Project("{FAE04EC0-301F-11D3-BF4B-00C04F79EFBC}") = "Tyuiu.KultyshevaEA.Sprint2.Task1.V4", "Tyuiu.KultyshevaEA.Sprint2.Task1.V4\Tyuiu.KultyshevaEA.Sprint2.Task1.V4.csproj", "{FDEE393E-70EC-4941-A90A-DAF62530363B}"
EndProject
Project("{FAE04EC0-301F-11D3-BF4B-00C04F79EFBC}") = "Tyuiu.KultyshevaEA.Sprint2.Task1.V4.Lib", "Tyuiu.KultyshevaEA.Sprint2.Task1.V4.Lib\Tyuiu.KultyshevaEA.Sprint2.Task1.V4.Lib.csproj", "{3E13FDCD-76EE-4E2C-B2C5-426AFDDB0DB5}"
EndProject
Project("{FAE04EC0-301F-11D3-BF4B-00C04F79EFBC}") = "Tyuiu.KultyshevaEA.Sprint2.Task1.V4.Test", "Tyuiu.KultyshevaEA.Sprint2.Task1.V4.Test\Tyuiu.KultyshevaEA.Sprint2.Task1.V4.Test.csproj", "{657DAE3F-EA3C-4730-AB74-ABF110E26B76}"
EndProject
Project("{2150E333-8FDC-42A3-9474-1A3956D46DE8}") = "Task2", "Task2", "{B52961C7-2D65-4A25-BE17-7299107214CD}"
EndProject
Project("{FAE04EC0-301F-11D3-BF4B-00C04F79EFBC}") = "Tyuiu.KultyshevaEA.Sprint2.Task2.V2", "Tyuiu.KultyshevaEA.Sprint2.Task2.V\Tyuiu.KultyshevaEA.Sprint2.Task2.V2.csproj", "{FCDCB50E-83AC-444A-B222-E5EF8965246B}"
EndProject
Project("{FAE04EC0-301F-11D3-BF4B-00C04F79EFBC}") = "Tyuiu.KultyshevaEA.Sprint2.Task2.V2.Lib", "Tyuiu.KultyshevaEA.Sprint2.Task2.V2.Lib\Tyuiu.KultyshevaEA.Sprint2.Task2.V2.Lib.csproj", "{80DA3EBA-1039-4BCD-B237-A8AC7C5A86FB}"
EndProject
Project("{FAE04EC0-301F-11D3-BF4B-00C04F79EFBC}") = "Tyuiu.KultyshevaEA.Sprint2.Task2.V2.Test", "Tyuiu.KultyshevaEA.Sprint2.Task2.V2.Test\Tyuiu.KultyshevaEA.Sprint2.Task2.V2.Test.csproj", "{8A282BE8-898F-4501-85A6-B4C425F82C19}"
EndProject
Project("{2150E333-8FDC-42A3-9474-1A3956D46DE8}") = "Task3", "Task3", "{315CDC9B-53EF-49D9-BA45-67DA54EB2EAB}"
EndProject
Project("{FAE04EC0-301F-11D3-BF4B-00C04F79EFBC}") = "Tyuiu.KultyshevaEA.Sprint2.Task3.V27", "Tyuiu.KultyshevaEA.Sprint2.Task3.V27\Tyuiu.KultyshevaEA.Sprint2.Task3.V27.csproj", "{D7798FCC-B5B9-4E3A-8980-334D5072C649}"
EndProject
Project("{FAE04EC0-301F-11D3-BF4B-00C04F79EFBC}") = "Tyuiu.KultyshevaEA.Sprint2.Task3.V27.Lib", "Tyuiu.KultyshevaEA.Sprint2.Task3.V27.Lib\Tyuiu.KultyshevaEA.Sprint2.Task3.V27.Lib.csproj", "{FDC064CA-0433-48FE-8360-DA96A0B8E66F}"
EndProject
Project("{FAE04EC0-301F-11D3-BF4B-00C04F79EFBC}") = "Tyuiu.KultyshevaEA.Sprint2.Task3.V27.Test", "Tyuiu.KultyshevaEA.Sprint2.Task3.V27.Test\Tyuiu.KultyshevaEA.Sprint2.Task3.V27.Test.csproj", "{B923E133-6473-454A-9000-66A29A2E117C}"
EndProject
Project("{2150E333-8FDC-42A3-9474-1A3956D46DE8}") = "Task4", "Task4", "{1DD6A1A1-8EFB-4C24-8901-0544B9BF684F}"
EndProject
Project("{FAE04EC0-301F-11D3-BF4B-00C04F79EFBC}") = "Tyuiu.KultyshevaEA.Sprint2.Task4.V10", "Tyuiu.KultyshevaEA.Sprint2.Task4.V10\Tyuiu.KultyshevaEA.Sprint2.Task4.V10.csproj", "{FCC78DB0-BD62-4A38-B29A-D28B025EC776}"
EndProject
Project("{FAE04EC0-301F-11D3-BF4B-00C04F79EFBC}") = "Tyuiu.KultyshevaEA.Sprint2.Task4.V10.Lib", "Tyuiu.KultyshevaEA.Sprint2.Task4.V10.Lib\Tyuiu.KultyshevaEA.Sprint2.Task4.V10.Lib.csproj", "{C1B43913-D127-4822-A631-6F72709272CF}"
EndProject
Project("{FAE04EC0-301F-11D3-BF4B-00C04F79EFBC}") = "Tyuiu.KultyshevaEA.Sprint2.Task4.V10.Test", "Tyuiu.KultyshevaEA.Sprint2.Task4.V10.Test\Tyuiu.KultyshevaEA.Sprint2.Task4.V10.Test.csproj", "{19054A28-B7BD-4868-AB33-C16D5CF7DB8D}"
EndProject
Project("{2150E333-8FDC-42A3-9474-1A3956D46DE8}") = "Task5", "Task5", "{F6EA50E2-1F88-45EF-950C-4C518645EDD2}"
EndProject
Project("{FAE04EC0-301F-11D3-BF4B-00C04F79EFBC}") = "Tyuiu.KultyshevaEA.Sprint2.Task5.V14", "Tyuiu.KultyshevaEA.Sprint2.Task5.V14\Tyuiu.KultyshevaEA.Sprint2.Task5.V14.csproj", "{F1F62606-A81F-4D48-9282-1D83B9B90565}"
EndProject
Project("{FAE04EC0-301F-11D3-BF4B-00C04F79EFBC}") = "Tyuiu.KultyshevaEA.Sprint2.Task5.V14.Lib", "Tyuiu.KultyshevaEA.Sprint2.Task5.V14.Lib\Tyuiu.KultyshevaEA.Sprint2.Task5.V14.Lib.csproj", "{A759FA8B-FDB6-45C2-A139-F518A6832DD9}"
EndProject
Project("{FAE04EC0-301F-11D3-BF4B-00C04F79EFBC}") = "Tyuiu.KultyshevaEA.Sprint2.Task5.V14.Test", "Tyuiu.KultyshevaEA.Sprint2.Task5.V14.Test\Tyuiu.KultyshevaEA.Sprint2.Task5.V14.Test.csproj", "{A5FA2C36-4946-4BA7-B130-17B4B27D88A8}"
EndProject
Global
	GlobalSection(SolutionConfigurationPlatforms) = preSolution
		Debug|Any CPU = Debug|Any CPU
		Release|Any CPU = Release|Any CPU
	EndGlobalSection
	GlobalSection(ProjectConfigurationPlatforms) = postSolution
		{5B5AF6DB-4FF1-43A2-A617-F790B4471598}.Debug|Any CPU.ActiveCfg = Debug|Any CPU
		{5B5AF6DB-4FF1-43A2-A617-F790B4471598}.Debug|Any CPU.Build.0 = Debug|Any CPU
		{5B5AF6DB-4FF1-43A2-A617-F790B4471598}.Release|Any CPU.ActiveCfg = Release|Any CPU
		{5B5AF6DB-4FF1-43A2-A617-F790B4471598}.Release|Any CPU.Build.0 = Release|Any CPU
		{4A703FD1-4D63-430E-8627-FBD761F91CA1}.Debug|Any CPU.ActiveCfg = Debug|Any CPU
		{4A703FD1-4D63-430E-8627-FBD761F91CA1}.Debug|Any CPU.Build.0 = Debug|Any CPU
		{4A703FD1-4D63-430E-8627-FBD761F91CA1}.Release|Any CPU.ActiveCfg = Release|Any CPU
		{4A703FD1-4D63-430E-8627-FBD761F91CA1}.Release|Any CPU.Build.0 = Release|Any CPU
		{81A2BFAF-1284-4128-A812-6D5E6C5A9FB8}.Debug|Any CPU.ActiveCfg = Debug|Any CPU
		{81A2BFAF-1284-4128-A812-6D5E6C5A9FB8}.Debug|Any CPU.Build.0 = Debug|Any CPU
		{81A2BFAF-1284-4128-A812-6D5E6C5A9FB8}.Release|Any CPU.ActiveCfg = Release|Any CPU
		{81A2BFAF-1284-4128-A812-6D5E6C5A9FB8}.Release|Any CPU.Build.0 = Release|Any CPU
		{FDEE393E-70EC-4941-A90A-DAF62530363B}.Debug|Any CPU.ActiveCfg = Debug|Any CPU
		{FDEE393E-70EC-4941-A90A-DAF62530363B}.Debug|Any CPU.Build.0 = Debug|Any CPU
		{FDEE393E-70EC-4941-A90A-DAF62530363B}.Release|Any CPU.ActiveCfg = Release|Any CPU
		{FDEE393E-70EC-4941-A90A-DAF62530363B}.Release|Any CPU.Build.0 = Release|Any CPU
		{3E13FDCD-76EE-4E2C-B2C5-426AFDDB0DB5}.Debug|Any CPU.ActiveCfg = Debug|Any CPU
		{3E13FDCD-76EE-4E2C-B2C5-426AFDDB0DB5}.Debug|Any CPU.Build.0 = Debug|Any CPU
		{3E13FDCD-76EE-4E2C-B2C5-426AFDDB0DB5}.Release|Any CPU.ActiveCfg = Release|Any CPU
		{3E13FDCD-76EE-4E2C-B2C5-426AFDDB0DB5}.Release|Any CPU.Build.0 = Release|Any CPU
		{657DAE3F-EA3C-4730-AB74-ABF110E26B76}.Debug|Any CPU.ActiveCfg = Debug|Any CPU
		{657DAE3F-EA3C-4730-AB74-ABF110E26B76}.Debug|Any CPU.Build.0 = Debug|Any CPU
		{657DAE3F-EA3C-4730-AB74-ABF110E26B76}.Release|Any CPU.ActiveCfg = Release|Any CPU
		{657DAE3F-EA3C-4730-AB74-ABF110E26B76}.Release|Any CPU.Build.0 = Release|Any CPU
		{FCDCB50E-83AC-444A-B222-E5EF8965246B}.Debug|Any CPU.ActiveCfg = Debug|Any CPU
		{FCDCB50E-83AC-444A-B222-E5EF8965246B}.Debug|Any CPU.Build.0 = Debug|Any CPU
		{FCDCB50E-83AC-444A-B222-E5EF8965246B}.Release|Any CPU.ActiveCfg = Release|Any CPU
		{FCDCB50E-83AC-444A-B222-E5EF8965246B}.Release|Any CPU.Build.0 = Release|Any CPU
		{80DA3EBA-1039-4BCD-B237-A8AC7C5A86FB}.Debug|Any CPU.ActiveCfg = Debug|Any CPU
		{80DA3EBA-1039-4BCD-B237-A8AC7C5A86FB}.Debug|Any CPU.Build.0 = Debug|Any CPU
		{80DA3EBA-1039-4BCD-B237-A8AC7C5A86FB}.Release|Any CPU.ActiveCfg = Release|Any CPU
		{80DA3EBA-1039-4BCD-B237-A8AC7C5A86FB}.Release|Any CPU.Build.0 = Release|Any CPU
		{8A282BE8-898F-4501-85A6-B4C425F82C19}.Debug|Any CPU.ActiveCfg = Debug|Any CPU
		{8A282BE8-898F-4501-85A6-B4C425F82C19}.Debug|Any CPU.Build.0 = Debug|Any CPU
		{8A282BE8-898F-4501-85A6-B4C425F82C19}.Release|Any CPU.ActiveCfg = Release|Any CPU
		{8A282BE8-898F-4501-85A6-B4C425F82C19}.Release|Any CPU.Build.0 = Release|Any CPU
		{D7798FCC-B5B9-4E3A-8980-334D5072C649}.Debug|Any CPU.ActiveCfg = Debug|Any CPU
		{D7798FCC-B5B9-4E3A-8980-334D5072C649}.Debug|Any CPU.Build.0 = Debug|Any CPU
		{D7798FCC-B5B9-4E3A-8980-334D5072C649}.Release|Any CPU.ActiveCfg = Release|Any CPU
		{D7798FCC-B5B9-4E3A-8980-334D5072C649}.Release|Any CPU.Build.0 = Release|Any CPU
		{FDC064CA-0433-48FE-8360-DA96A0B8E66F}.Debug|Any CPU.ActiveCfg = Debug|Any CPU
		{FDC064CA-0433-48FE-8360-DA96A0B8E66F}.Debug|Any CPU.Build.0 = Debug|Any CPU
		{FDC064CA-0433-48FE-8360-DA96A0B8E66F}.Release|Any CPU.ActiveCfg = Release|Any CPU
		{FDC064CA-0433-48FE-8360-DA96A0B8E66F}.Release|Any CPU.Build.0 = Release|Any CPU
		{B923E133-6473-454A-9000-66A29A2E117C}.Debug|Any CPU.ActiveCfg = Debug|Any CPU
		{B923E133-6473-454A-9000-66A29A2E117C}.Debug|Any CPU.Build.0 = Debug|Any CPU
		{B923E133-6473-454A-9000-66A29A2E117C}.Release|Any CPU.ActiveCfg = Release|Any CPU
		{B923E133-6473-454A-9000-66A29A2E117C}.Release|Any CPU.Build.0 = Release|Any CPU
		{FCC78DB0-BD62-4A38-B29A-D28B025EC776}.Debug|Any CPU.ActiveCfg = Debug|Any CPU
		{FCC78DB0-BD62-4A38-B29A-D28B025EC776}.Debug|Any CPU.Build.0 = Debug|Any CPU
		{FCC78DB0-BD62-4A38-B29A-D28B025EC776}.Release|Any CPU.ActiveCfg = Release|Any CPU
		{FCC78DB0-BD62-4A38-B29A-D28B025EC776}.Release|Any CPU.Build.0 = Release|Any CPU
		{C1B43913-D127-4822-A631-6F72709272CF}.Debug|Any CPU.ActiveCfg = Debug|Any CPU
		{C1B43913-D127-4822-A631-6F72709272CF}.Debug|Any CPU.Build.0 = Debug|Any CPU
		{C1B43913-D127-4822-A631-6F72709272CF}.Release|Any CPU.ActiveCfg = Release|Any CPU
		{C1B43913-D127-4822-A631-6F72709272CF}.Release|Any CPU.Build.0 = Release|Any CPU
		{19054A28-B7BD-4868-AB33-C16D5CF7DB8D}.Debug|Any CPU.ActiveCfg = Debug|Any CPU
		{19054A28-B7BD-4868-AB33-C16D5CF7DB8D}.Debug|Any CPU.Build.0 = Debug|Any CPU
		{19054A28-B7BD-4868-AB33-C16D5CF7DB8D}.Release|Any CPU.ActiveCfg = Release|Any CPU
		{19054A28-B7BD-4868-AB33-C16D5CF7DB8D}.Release|Any CPU.Build.0 = Release|Any CPU
		{F1F62606-A81F-4D48-9282-1D83B9B90565}.Debug|Any CPU.ActiveCfg = Debug|Any CPU
		{F1F62606-A81F-4D48-9282-1D83B9B90565}.Debug|Any CPU.Build.0 = Debug|Any CPU
		{F1F62606-A81F-4D48-9282-1D83B9B90565}.Release|Any CPU.ActiveCfg = Release|Any CPU
		{F1F62606-A81F-4D48-9282-1D83B9B90565}.Release|Any CPU.Build.0 = Release|Any CPU
		{A759FA8B-FDB6-45C2-A139-F518A6832DD9}.Debug|Any CPU.ActiveCfg = Debug|Any CPU
		{A759FA8B-FDB6-45C2-A139-F518A6832DD9}.Debug|Any CPU.Build.0 = Debug|Any CPU
		{A759FA8B-FDB6-45C2-A139-F518A6832DD9}.Release|Any CPU.ActiveCfg = Release|Any CPU
		{A759FA8B-FDB6-45C2-A139-F518A6832DD9}.Release|Any CPU.Build.0 = Release|Any CPU
		{A5FA2C36-4946-4BA7-B130-17B4B27D88A8}.Debug|Any CPU.ActiveCfg = Debug|Any CPU
		{A5FA2C36-4946-4BA7-B130-17B4B27D88A8}.Debug|Any CPU.Build.0 = Debug|Any CPU
		{A5FA2C36-4946-4BA7-B130-17B4B27D88A8}.Release|Any CPU.ActiveCfg = Release|Any CPU
		{A5FA2C36-4946-4BA7-B130-17B4B27D88A8}.Release|Any CPU.Build.0 = Release|Any CPU
	EndGlobalSection
	GlobalSection(SolutionProperties) = preSolution
		HideSolutionNode = FALSE
	EndGlobalSection
	GlobalSection(NestedProjects) = preSolution
		{5B5AF6DB-4FF1-43A2-A617-F790B4471598} = {0B91E84D-C478-45A3-8BEF-19DB0048954B}
		{4A703FD1-4D63-430E-8627-FBD761F91CA1} = {0B91E84D-C478-45A3-8BEF-19DB0048954B}
		{81A2BFAF-1284-4128-A812-6D5E6C5A9FB8} = {0B91E84D-C478-45A3-8BEF-19DB0048954B}
		{FDEE393E-70EC-4941-A90A-DAF62530363B} = {3291149D-A4F6-4FEE-95AF-A7246D7CE6AE}
		{3E13FDCD-76EE-4E2C-B2C5-426AFDDB0DB5} = {3291149D-A4F6-4FEE-95AF-A7246D7CE6AE}
		{657DAE3F-EA3C-4730-AB74-ABF110E26B76} = {3291149D-A4F6-4FEE-95AF-A7246D7CE6AE}
		{FCDCB50E-83AC-444A-B222-E5EF8965246B} = {B52961C7-2D65-4A25-BE17-7299107214CD}
		{80DA3EBA-1039-4BCD-B237-A8AC7C5A86FB} = {B52961C7-2D65-4A25-BE17-7299107214CD}
		{8A282BE8-898F-4501-85A6-B4C425F82C19} = {B52961C7-2D65-4A25-BE17-7299107214CD}
		{D7798FCC-B5B9-4E3A-8980-334D5072C649} = {315CDC9B-53EF-49D9-BA45-67DA54EB2EAB}
		{FDC064CA-0433-48FE-8360-DA96A0B8E66F} = {315CDC9B-53EF-49D9-BA45-67DA54EB2EAB}
		{B923E133-6473-454A-9000-66A29A2E117C} = {315CDC9B-53EF-49D9-BA45-67DA54EB2EAB}
		{FCC78DB0-BD62-4A38-B29A-D28B025EC776} = {1DD6A1A1-8EFB-4C24-8901-0544B9BF684F}
		{C1B43913-D127-4822-A631-6F72709272CF} = {1DD6A1A1-8EFB-4C24-8901-0544B9BF684F}
		{19054A28-B7BD-4868-AB33-C16D5CF7DB8D} = {1DD6A1A1-8EFB-4C24-8901-0544B9BF684F}
		{F1F62606-A81F-4D48-9282-1D83B9B90565} = {F6EA50E2-1F88-45EF-950C-4C518645EDD2}
		{A759FA8B-FDB6-45C2-A139-F518A6832DD9} = {F6EA50E2-1F88-45EF-950C-4C518645EDD2}
		{A5FA2C36-4946-4BA7-B130-17B4B27D88A8} = {F6EA50E2-1F88-45EF-950C-4C518645EDD2}
	EndGlobalSection
	GlobalSection(ExtensibilityGlobals) = postSolution
		SolutionGuid = {AE621224-DF37-4D18-A84A-2891A23F03ED}
	EndGlobalSection
EndGlobal
